
Microsoft Visual Studio Solution File, Format Version 12.00
# Visual Studio 15
VisualStudioVersion = 15.0.28307.1169
MinimumVisualStudioVersion = 10.0.40219.1
Project("{FAE04EC0-301F-11D3-BF4B-00C04F79EFBC}") = "Test_MouseMoveThenClick", "Test_MouseMoveThenClick\Test_MouseMoveThenClick.csproj", "{7B6651EA-9F05-452C-948D-D2FE9C381B95}"
EndProject
Global
	GlobalSection(SolutionConfigurationPlatforms) = preSolution
		Debug|Any CPU = Debug|Any CPU
		Release|Any CPU = Release|Any CPU
	EndGlobalSection
	GlobalSection(ProjectConfigurationPlatforms) = postSolution
		{7B6651EA-9F05-452C-948D-D2FE9C381B95}.Debug|Any CPU.ActiveCfg = Debug|Any CPU
		{7B6651EA-9F05-452C-948D-D2FE9C381B95}.Debug|Any CPU.Build.0 = Debug|Any CPU
		{7B6651EA-9F05-452C-948D-D2FE9C381B95}.Release|Any CPU.ActiveCfg = Release|Any CPU
		{7B6651EA-9F05-452C-948D-D2FE9C381B95}.Release|Any CPU.Build.0 = Release|Any CPU
	EndGlobalSection
	GlobalSection(SolutionProperties) = preSolution
		HideSolutionNode = FALSE
	EndGlobalSection
	GlobalSection(ExtensibilityGlobals) = postSolution
		SolutionGuid = {1D3E175B-0F11-46B5-A3E8-6FCD2758C7D3}
	EndGlobalSection
EndGlobal
