
Microsoft Visual Studio Solution File, Format Version 12.00
# Visual Studio 15
VisualStudioVersion = 15.0.28307.960
MinimumVisualStudioVersion = 10.0.40219.1
Project("{FAE04EC0-301F-11D3-BF4B-00C04F79EFBC}") = "SIRE HEALTHY CHECK V1.0.0", "SIRE HEALTHY CHECK V1.0.0\SIRE HEALTHY CHECK V1.0.0.csproj", "{B021E93F-04B7-4338-9A58-1A0DDA064CD6}"
EndProject
Global
	GlobalSection(SolutionConfigurationPlatforms) = preSolution
		Debug|Any CPU = Debug|Any CPU
		Release|Any CPU = Release|Any CPU
	EndGlobalSection
	GlobalSection(ProjectConfigurationPlatforms) = postSolution
		{B021E93F-04B7-4338-9A58-1A0DDA064CD6}.Debug|Any CPU.ActiveCfg = Debug|Any CPU
		{B021E93F-04B7-4338-9A58-1A0DDA064CD6}.Debug|Any CPU.Build.0 = Debug|Any CPU
		{B021E93F-04B7-4338-9A58-1A0DDA064CD6}.Release|Any CPU.ActiveCfg = Release|Any CPU
		{B021E93F-04B7-4338-9A58-1A0DDA064CD6}.Release|Any CPU.Build.0 = Release|Any CPU
	EndGlobalSection
	GlobalSection(SolutionProperties) = preSolution
		HideSolutionNode = FALSE
	EndGlobalSection
	GlobalSection(ExtensibilityGlobals) = postSolution
		SolutionGuid = {B6E08630-D20E-43A0-BADA-B5254A800E3A}
	EndGlobalSection
EndGlobal
